
Microsoft Visual Studio Solution File, Format Version 12.00
# Visual Studio Version 17
VisualStudioVersion = 17.5.002.0
MinimumVisualStudioVersion = 10.0.40219.1
Project("{9A19103F-16F7-4668-BE54-9A1E7A4F7556}") = "tower-defense-c-", "tower-defense-c-.csproj", "{1D9DAF2F-B211-4CDB-A297-10FB6D614E5B}"
EndProject
Global
	GlobalSection(SolutionConfigurationPlatforms) = preSolution
		Debug|Any CPU = Debug|Any CPU
		Release|Any CPU = Release|Any CPU
	EndGlobalSection
	GlobalSection(ProjectConfigurationPlatforms) = postSolution
		{1D9DAF2F-B211-4CDB-A297-10FB6D614E5B}.Debug|Any CPU.ActiveCfg = Debug|Any CPU
		{1D9DAF2F-B211-4CDB-A297-10FB6D614E5B}.Debug|Any CPU.Build.0 = Debug|Any CPU
		{1D9DAF2F-B211-4CDB-A297-10FB6D614E5B}.Release|Any CPU.ActiveCfg = Release|Any CPU
		{1D9DAF2F-B211-4CDB-A297-10FB6D614E5B}.Release|Any CPU.Build.0 = Release|Any CPU
	EndGlobalSection
	GlobalSection(SolutionProperties) = preSolution
		HideSolutionNode = FALSE
	EndGlobalSection
	GlobalSection(ExtensibilityGlobals) = postSolution
		SolutionGuid = {04B0C096-2E27-4D81-93B2-20CB14C2E9D5}
	EndGlobalSection
EndGlobal
